
Microsoft Visual Studio Solution File, Format Version 12.00
# Visual Studio Version 17
VisualStudioVersion = 17.2.32602.215
MinimumVisualStudioVersion = 10.0.40219.1
Project("{FAE04EC0-301F-11D3-BF4B-00C04F79EFBC}") = "DebitCardAssignment", "DebitCardAssignment\DebitCardAssignment.csproj", "{8EFC6A7F-EC24-4682-94E7-B658D228C91F}"
EndProject
Project("{FAE04EC0-301F-11D3-BF4B-00C04F79EFBC}") = "DebitCardAssignment_UnitTest", "DebitCardAssignment_UnitTest\DebitCardAssignment_UnitTest.csproj", "{CE877ABB-9250-460A-AAAF-492575E39C44}"
EndProject
Global
	GlobalSection(SolutionConfigurationPlatforms) = preSolution
		Debug|Any CPU = Debug|Any CPU
		Release|Any CPU = Release|Any CPU
	EndGlobalSection
	GlobalSection(ProjectConfigurationPlatforms) = postSolution
		{8EFC6A7F-EC24-4682-94E7-B658D228C91F}.Debug|Any CPU.ActiveCfg = Debug|Any CPU
		{8EFC6A7F-EC24-4682-94E7-B658D228C91F}.Debug|Any CPU.Build.0 = Debug|Any CPU
		{8EFC6A7F-EC24-4682-94E7-B658D228C91F}.Release|Any CPU.ActiveCfg = Release|Any CPU
		{8EFC6A7F-EC24-4682-94E7-B658D228C91F}.Release|Any CPU.Build.0 = Release|Any CPU
		{CE877ABB-9250-460A-AAAF-492575E39C44}.Debug|Any CPU.ActiveCfg = Debug|Any CPU
		{CE877ABB-9250-460A-AAAF-492575E39C44}.Debug|Any CPU.Build.0 = Debug|Any CPU
		{CE877ABB-9250-460A-AAAF-492575E39C44}.Release|Any CPU.ActiveCfg = Release|Any CPU
		{CE877ABB-9250-460A-AAAF-492575E39C44}.Release|Any CPU.Build.0 = Release|Any CPU
	EndGlobalSection
	GlobalSection(SolutionProperties) = preSolution
		HideSolutionNode = FALSE
	EndGlobalSection
	GlobalSection(ExtensibilityGlobals) = postSolution
		SolutionGuid = {1BB2D248-F53E-422F-B725-27F04EDC47D0}
	EndGlobalSection
EndGlobal
